
Microsoft Visual Studio Solution File, Format Version 12.00
Project("{FAE04EC0-301F-11D3-BF4B-00C04F79EFBC}") = "Core", "Core\Core.csproj", "{AFC84EC1-3B23-42D6-8072-CC2DD3ADE2DD}"
EndProject
Project("{FAE04EC0-301F-11D3-BF4B-00C04F79EFBC}") = "Tests", "Tests\Tests.csproj", "{146AF663-62F5-490F-9CBF-F63DE32675A2}"
EndProject
Global
	GlobalSection(SolutionConfigurationPlatforms) = preSolution
		Debug|Any CPU = Debug|Any CPU
		Release|Any CPU = Release|Any CPU
	EndGlobalSection
	GlobalSection(ProjectConfigurationPlatforms) = postSolution
		{AFC84EC1-3B23-42D6-8072-CC2DD3ADE2DD}.Debug|Any CPU.ActiveCfg = Debug|Any CPU
		{AFC84EC1-3B23-42D6-8072-CC2DD3ADE2DD}.Debug|Any CPU.Build.0 = Debug|Any CPU
		{AFC84EC1-3B23-42D6-8072-CC2DD3ADE2DD}.Release|Any CPU.ActiveCfg = Release|Any CPU
		{AFC84EC1-3B23-42D6-8072-CC2DD3ADE2DD}.Release|Any CPU.Build.0 = Release|Any CPU
		{146AF663-62F5-490F-9CBF-F63DE32675A2}.Debug|Any CPU.ActiveCfg = Debug|Any CPU
		{146AF663-62F5-490F-9CBF-F63DE32675A2}.Debug|Any CPU.Build.0 = Debug|Any CPU
		{146AF663-62F5-490F-9CBF-F63DE32675A2}.Release|Any CPU.ActiveCfg = Release|Any CPU
		{146AF663-62F5-490F-9CBF-F63DE32675A2}.Release|Any CPU.Build.0 = Release|Any CPU
	EndGlobalSection
EndGlobal
